
Microsoft Visual Studio Solution File, Format Version 12.00
# Visual Studio Version 17
VisualStudioVersion = 17.11.35222.181
MinimumVisualStudioVersion = 10.0.40219.1
Project("{FAE04EC0-301F-11D3-BF4B-00C04F79EFBC}") = "DownloadManager", "DownloadManager\DownloadManager.csproj", "{0DB5542D-15A0-4223-886C-77725FC10683}"
EndProject
Global
	GlobalSection(SolutionConfigurationPlatforms) = preSolution
		Debug|Any CPU = Debug|Any CPU
		Release|Any CPU = Release|Any CPU
	EndGlobalSection
	GlobalSection(ProjectConfigurationPlatforms) = postSolution
		{0DB5542D-15A0-4223-886C-77725FC10683}.Debug|Any CPU.ActiveCfg = Debug|Any CPU
		{0DB5542D-15A0-4223-886C-77725FC10683}.Debug|Any CPU.Build.0 = Debug|Any CPU
		{0DB5542D-15A0-4223-886C-77725FC10683}.Release|Any CPU.ActiveCfg = Release|Any CPU
		{0DB5542D-15A0-4223-886C-77725FC10683}.Release|Any CPU.Build.0 = Release|Any CPU
	EndGlobalSection
	GlobalSection(SolutionProperties) = preSolution
		HideSolutionNode = FALSE
	EndGlobalSection
	GlobalSection(ExtensibilityGlobals) = postSolution
		SolutionGuid = {939319ED-9CAE-488E-A108-3DE7137ED2A4}
	EndGlobalSection
EndGlobal
